
Microsoft Visual Studio Solution File, Format Version 12.00
# Visual Studio Version 17
VisualStudioVersion = 17.14.37502.11
MinimumVisualStudioVersion = 10.0.40219.1
Project("{FAE04EC0-301F-11D3-BF4B-00C04F79EFBC}") = "University.API", "University.API\University.API.csproj", "{4CF791B7-0642-40A5-89E4-2840D82920E4}"
EndProject
Project("{FAE04EC0-301F-11D3-BF4B-00C04F79EFBC}") = "University.MVC", "University.MVC\University.MVC.csproj", "{63EF5849-7534-4FFC-A636-0498D7BD564E}"
EndProject
Project("{FAE04EC0-301F-11D3-BF4B-00C04F79EFBC}") = "University.Test", "University.Test\University.Test.csproj", "{8C175BA0-19B6-44CE-9FA4-225C5F9DB3CA}"
EndProject
Global
	GlobalSection(SolutionConfigurationPlatforms) = preSolution
		Debug|Any CPU = Debug|Any CPU
		Release|Any CPU = Release|Any CPU
	EndGlobalSection
	GlobalSection(ProjectConfigurationPlatforms) = postSolution
		{4CF791B7-0642-40A5-89E4-2840D82920E4}.Debug|Any CPU.ActiveCfg = Debug|Any CPU
		{4CF791B7-0642-40A5-89E4-2840D82920E4}.Debug|Any CPU.Build.0 = Debug|Any CPU
		{4CF791B7-0642-40A5-89E4-2840D82920E4}.Release|Any CPU.ActiveCfg = Release|Any CPU
		{4CF791B7-0642-40A5-89E4-2840D82920E4}.Release|Any CPU.Build.0 = Release|Any CPU
		{63EF5849-7534-4FFC-A636-0498D7BD564E}.Debug|Any CPU.ActiveCfg = Debug|Any CPU
		{63EF5849-7534-4FFC-A636-0498D7BD564E}.Debug|Any CPU.Build.0 = Debug|Any CPU
		{63EF5849-7534-4FFC-A636-0498D7BD564E}.Release|Any CPU.ActiveCfg = Release|Any CPU
		{63EF5849-7534-4FFC-A636-0498D7BD564E}.Release|Any CPU.Build.0 = Release|Any CPU
		{8C175BA0-19B6-44CE-9FA4-225C5F9DB3CA}.Debug|Any CPU.ActiveCfg = Debug|Any CPU
		{8C175BA0-19B6-44CE-9FA4-225C5F9DB3CA}.Debug|Any CPU.Build.0 = Debug|Any CPU
		{8C175BA0-19B6-44CE-9FA4-225C5F9DB3CA}.Release|Any CPU.ActiveCfg = Release|Any CPU
		{8C175BA0-19B6-44CE-9FA4-225C5F9DB3CA}.Release|Any CPU.Build.0 = Release|Any CPU
	EndGlobalSection
	GlobalSection(SolutionProperties) = preSolution
		HideSolutionNode = FALSE
	EndGlobalSection
	GlobalSection(ExtensibilityGlobals) = postSolution
		SolutionGuid = {EFA70971-DCE0-4128-81A3-4094CEADF062}
	EndGlobalSection
EndGlobal
